
Microsoft Visual Studio Solution File, Format Version 12.00
# Visual Studio Version 16
VisualStudioVersion = 16.0.31105.61
MinimumVisualStudioVersion = 10.0.40219.1
Project("{FAE04EC0-301F-11D3-BF4B-00C04F79EFBC}") = "3.1.2", "3.1.2.csproj", "{68499132-2420-4BC3-821E-C44EA54C4113}"
EndProject
Global
	GlobalSection(SolutionConfigurationPlatforms) = preSolution
		Debug|Any CPU = Debug|Any CPU
		Release|Any CPU = Release|Any CPU
	EndGlobalSection
	GlobalSection(ProjectConfigurationPlatforms) = postSolution
		{68499132-2420-4BC3-821E-C44EA54C4113}.Debug|Any CPU.ActiveCfg = Debug|Any CPU
		{68499132-2420-4BC3-821E-C44EA54C4113}.Debug|Any CPU.Build.0 = Debug|Any CPU
		{68499132-2420-4BC3-821E-C44EA54C4113}.Release|Any CPU.ActiveCfg = Release|Any CPU
		{68499132-2420-4BC3-821E-C44EA54C4113}.Release|Any CPU.Build.0 = Release|Any CPU
	EndGlobalSection
	GlobalSection(SolutionProperties) = preSolution
		HideSolutionNode = FALSE
	EndGlobalSection
	GlobalSection(ExtensibilityGlobals) = postSolution
		SolutionGuid = {E4E0095F-11E8-4BF1-953C-96768BF359A7}
	EndGlobalSection
EndGlobal
