
Microsoft Visual Studio Solution File, Format Version 12.00
# Visual Studio Version 16
VisualStudioVersion = 16.0.31105.61
MinimumVisualStudioVersion = 10.0.40219.1
Project("{FAE04EC0-301F-11D3-BF4B-00C04F79EFBC}") = "3.3.1", "3.3.1.csproj", "{D501B470-6F47-4F3F-B5C4-943A229B5969}"
EndProject
Global
	GlobalSection(SolutionConfigurationPlatforms) = preSolution
		Debug|Any CPU = Debug|Any CPU
		Release|Any CPU = Release|Any CPU
	EndGlobalSection
	GlobalSection(ProjectConfigurationPlatforms) = postSolution
		{D501B470-6F47-4F3F-B5C4-943A229B5969}.Debug|Any CPU.ActiveCfg = Debug|Any CPU
		{D501B470-6F47-4F3F-B5C4-943A229B5969}.Debug|Any CPU.Build.0 = Debug|Any CPU
		{D501B470-6F47-4F3F-B5C4-943A229B5969}.Release|Any CPU.ActiveCfg = Release|Any CPU
		{D501B470-6F47-4F3F-B5C4-943A229B5969}.Release|Any CPU.Build.0 = Release|Any CPU
	EndGlobalSection
	GlobalSection(SolutionProperties) = preSolution
		HideSolutionNode = FALSE
	EndGlobalSection
	GlobalSection(ExtensibilityGlobals) = postSolution
		SolutionGuid = {B5DFDC10-FF0C-4A5A-88A1-7986E02FA21C}
	EndGlobalSection
EndGlobal
