
Microsoft Visual Studio Solution File, Format Version 12.00
# Visual Studio Version 16
VisualStudioVersion = 16.0.30204.135
MinimumVisualStudioVersion = 10.0.40219.1
Project("{FAE04EC0-301F-11D3-BF4B-00C04F79EFBC}") = "Task 4.1", "Task 4.1\Task 4.1.csproj", "{628A25D0-7AF9-405F-B956-CBE306D95114}"
EndProject
Global
	GlobalSection(SolutionConfigurationPlatforms) = preSolution
		Debug|Any CPU = Debug|Any CPU
		Release|Any CPU = Release|Any CPU
	EndGlobalSection
	GlobalSection(ProjectConfigurationPlatforms) = postSolution
		{628A25D0-7AF9-405F-B956-CBE306D95114}.Debug|Any CPU.ActiveCfg = Debug|Any CPU
		{628A25D0-7AF9-405F-B956-CBE306D95114}.Debug|Any CPU.Build.0 = Debug|Any CPU
		{628A25D0-7AF9-405F-B956-CBE306D95114}.Release|Any CPU.ActiveCfg = Release|Any CPU
		{628A25D0-7AF9-405F-B956-CBE306D95114}.Release|Any CPU.Build.0 = Release|Any CPU
	EndGlobalSection
	GlobalSection(SolutionProperties) = preSolution
		HideSolutionNode = FALSE
	EndGlobalSection
	GlobalSection(ExtensibilityGlobals) = postSolution
		SolutionGuid = {2A4F0AE5-0CAC-4D91-A1FC-0CF467F0450C}
	EndGlobalSection
EndGlobal
