
Microsoft Visual Studio Solution File, Format Version 12.00
# Visual Studio Version 16
VisualStudioVersion = 16.0.31105.61
MinimumVisualStudioVersion = 10.0.40219.1
Project("{9A19103F-16F7-4668-BE54-9A1E7A4F7556}") = "2.1.2 ss", "2.1.2 ss.csproj", "{57FEFB95-133A-4ACE-9778-E5D4E5F238CA}"
EndProject
Project("{9A19103F-16F7-4668-BE54-9A1E7A4F7556}") = "2.1.1", "..\2.1.1\2.1.1.csproj", "{3B864B09-9DFF-4CB2-9BA1-127A2F670177}"
EndProject
Global
	GlobalSection(SolutionConfigurationPlatforms) = preSolution
		Debug|Any CPU = Debug|Any CPU
		Release|Any CPU = Release|Any CPU
	EndGlobalSection
	GlobalSection(ProjectConfigurationPlatforms) = postSolution
		{57FEFB95-133A-4ACE-9778-E5D4E5F238CA}.Debug|Any CPU.ActiveCfg = Debug|Any CPU
		{57FEFB95-133A-4ACE-9778-E5D4E5F238CA}.Debug|Any CPU.Build.0 = Debug|Any CPU
		{57FEFB95-133A-4ACE-9778-E5D4E5F238CA}.Release|Any CPU.ActiveCfg = Release|Any CPU
		{57FEFB95-133A-4ACE-9778-E5D4E5F238CA}.Release|Any CPU.Build.0 = Release|Any CPU
		{3B864B09-9DFF-4CB2-9BA1-127A2F670177}.Debug|Any CPU.ActiveCfg = Debug|Any CPU
		{3B864B09-9DFF-4CB2-9BA1-127A2F670177}.Debug|Any CPU.Build.0 = Debug|Any CPU
		{3B864B09-9DFF-4CB2-9BA1-127A2F670177}.Release|Any CPU.ActiveCfg = Release|Any CPU
		{3B864B09-9DFF-4CB2-9BA1-127A2F670177}.Release|Any CPU.Build.0 = Release|Any CPU
	EndGlobalSection
	GlobalSection(SolutionProperties) = preSolution
		HideSolutionNode = FALSE
	EndGlobalSection
	GlobalSection(ExtensibilityGlobals) = postSolution
		SolutionGuid = {8303A98D-D689-4C8E-81C4-01C35126A988}
	EndGlobalSection
EndGlobal
