
Microsoft Visual Studio Solution File, Format Version 12.00
# Visual Studio Version 16
VisualStudioVersion = 16.0.31410.357
MinimumVisualStudioVersion = 10.0.40219.1
Project("{2150E333-8FDC-42A3-9474-1A3956D46DE8}") = "BLL", "BLL", "{EE1D967D-A441-41C6-9346-FD4CA60AAA8F}"
EndProject
Project("{2150E333-8FDC-42A3-9474-1A3956D46DE8}") = "DAL", "DAL", "{95519706-3A43-44ED-A4A8-296071638BE4}"
EndProject
Project("{2150E333-8FDC-42A3-9474-1A3956D46DE8}") = "PL", "PL", "{30657F21-2F24-4C6F-B51B-4A83F1136F94}"
EndProject
Project("{FAE04EC0-301F-11D3-BF4B-00C04F79EFBC}") = "UsersAndAwards.BLL", "UsersAndAwards.BLL\UsersAndAwards.BLL.csproj", "{3ABD5BA3-6815-4561-A6AF-20D55D36C796}"
EndProject
Project("{FAE04EC0-301F-11D3-BF4B-00C04F79EFBC}") = "UsersAndAwards.BLL.Interface", "UsersAndAwards.BLL.Interface\UsersAndAwards.BLL.Interface.csproj", "{19A7BD51-6E1E-4700-B7B8-A060EA3B98E6}"
EndProject
Project("{2150E333-8FDC-42A3-9474-1A3956D46DE8}") = "Common", "Common", "{0AE336D9-CCDE-436E-842D-C1EB80C9939A}"
EndProject
Project("{FAE04EC0-301F-11D3-BF4B-00C04F79EFBC}") = "UsersAndAwards.Entities", "UsersAndAwards.Entities\UsersAndAwards.Entities.csproj", "{AEDD607E-DEF3-440C-9836-788A15E5650E}"
EndProject
Project("{FAE04EC0-301F-11D3-BF4B-00C04F79EFBC}") = "UsersAndAwards.DAL", "UsersAndAwards.DAL\UsersAndAwards.DAL.csproj", "{A79DC01A-75B7-4430-B019-A0E2B3F58DF9}"
EndProject
Project("{FAE04EC0-301F-11D3-BF4B-00C04F79EFBC}") = "UsersAndAwards.DAL.Dependencies", "UsersAndAwards.DAL.Dependencies\UsersAndAwards.DAL.Dependencies.csproj", "{EE3E406E-DB9E-45DF-BAB4-ACB86EC105BE}"
EndProject
Project("{FAE04EC0-301F-11D3-BF4B-00C04F79EFBC}") = "UsersAndAwards.DAL.Interface", "UsersAndAwards.DAL.Interface\UsersAndAwards.DAL.Interface.csproj", "{964B5191-C5D2-4A3B-8EF7-23A8A857B332}"
EndProject
Project("{FAE04EC0-301F-11D3-BF4B-00C04F79EFBC}") = "UsersAndAwards.PL.Console", "UsersAndAwards.PL.Console\UsersAndAwards.PL.Console.csproj", "{83756A80-04BD-4185-84E4-D32EDEC627AF}"
EndProject
Project("{FAE04EC0-301F-11D3-BF4B-00C04F79EFBC}") = "UsersAndAwards.PL.Dependencies", "UsersAndAwards.PL.Dependencies\UsersAndAwards.PL.Dependencies.csproj", "{8D8611C4-EF68-41B1-B507-62F5F7B270C7}"
EndProject
Project("{FAE04EC0-301F-11D3-BF4B-00C04F79EFBC}") = "UsersAndAwards.PL.Interface", "UsersAndAwards.PL.Interface\UsersAndAwards.PL.Interface.csproj", "{14A3A559-B4ED-4CE6-8258-7FE8C39A0CD2}"
EndProject
Project("{FAE04EC0-301F-11D3-BF4B-00C04F79EFBC}") = "UsersAndAwards.BLL.Dependencies", "UsersAndAwards.BLL.Dependencies\UsersAndAwards.BLL.Dependencies.csproj", "{88C4856C-F88D-4BF9-925E-9F256E46D499}"
EndProject
Global
	GlobalSection(SolutionConfigurationPlatforms) = preSolution
		Debug|Any CPU = Debug|Any CPU
		Release|Any CPU = Release|Any CPU
	EndGlobalSection
	GlobalSection(ProjectConfigurationPlatforms) = postSolution
		{3ABD5BA3-6815-4561-A6AF-20D55D36C796}.Debug|Any CPU.ActiveCfg = Debug|Any CPU
		{3ABD5BA3-6815-4561-A6AF-20D55D36C796}.Debug|Any CPU.Build.0 = Debug|Any CPU
		{3ABD5BA3-6815-4561-A6AF-20D55D36C796}.Release|Any CPU.ActiveCfg = Release|Any CPU
		{3ABD5BA3-6815-4561-A6AF-20D55D36C796}.Release|Any CPU.Build.0 = Release|Any CPU
		{19A7BD51-6E1E-4700-B7B8-A060EA3B98E6}.Debug|Any CPU.ActiveCfg = Debug|Any CPU
		{19A7BD51-6E1E-4700-B7B8-A060EA3B98E6}.Debug|Any CPU.Build.0 = Debug|Any CPU
		{19A7BD51-6E1E-4700-B7B8-A060EA3B98E6}.Release|Any CPU.ActiveCfg = Release|Any CPU
		{19A7BD51-6E1E-4700-B7B8-A060EA3B98E6}.Release|Any CPU.Build.0 = Release|Any CPU
		{AEDD607E-DEF3-440C-9836-788A15E5650E}.Debug|Any CPU.ActiveCfg = Debug|Any CPU
		{AEDD607E-DEF3-440C-9836-788A15E5650E}.Debug|Any CPU.Build.0 = Debug|Any CPU
		{AEDD607E-DEF3-440C-9836-788A15E5650E}.Release|Any CPU.ActiveCfg = Release|Any CPU
		{AEDD607E-DEF3-440C-9836-788A15E5650E}.Release|Any CPU.Build.0 = Release|Any CPU
		{A79DC01A-75B7-4430-B019-A0E2B3F58DF9}.Debug|Any CPU.ActiveCfg = Debug|Any CPU
		{A79DC01A-75B7-4430-B019-A0E2B3F58DF9}.Debug|Any CPU.Build.0 = Debug|Any CPU
		{A79DC01A-75B7-4430-B019-A0E2B3F58DF9}.Release|Any CPU.ActiveCfg = Release|Any CPU
		{A79DC01A-75B7-4430-B019-A0E2B3F58DF9}.Release|Any CPU.Build.0 = Release|Any CPU
		{EE3E406E-DB9E-45DF-BAB4-ACB86EC105BE}.Debug|Any CPU.ActiveCfg = Debug|Any CPU
		{EE3E406E-DB9E-45DF-BAB4-ACB86EC105BE}.Debug|Any CPU.Build.0 = Debug|Any CPU
		{EE3E406E-DB9E-45DF-BAB4-ACB86EC105BE}.Release|Any CPU.ActiveCfg = Release|Any CPU
		{EE3E406E-DB9E-45DF-BAB4-ACB86EC105BE}.Release|Any CPU.Build.0 = Release|Any CPU
		{964B5191-C5D2-4A3B-8EF7-23A8A857B332}.Debug|Any CPU.ActiveCfg = Debug|Any CPU
		{964B5191-C5D2-4A3B-8EF7-23A8A857B332}.Debug|Any CPU.Build.0 = Debug|Any CPU
		{964B5191-C5D2-4A3B-8EF7-23A8A857B332}.Release|Any CPU.ActiveCfg = Release|Any CPU
		{964B5191-C5D2-4A3B-8EF7-23A8A857B332}.Release|Any CPU.Build.0 = Release|Any CPU
		{83756A80-04BD-4185-84E4-D32EDEC627AF}.Debug|Any CPU.ActiveCfg = Debug|Any CPU
		{83756A80-04BD-4185-84E4-D32EDEC627AF}.Debug|Any CPU.Build.0 = Debug|Any CPU
		{83756A80-04BD-4185-84E4-D32EDEC627AF}.Release|Any CPU.ActiveCfg = Release|Any CPU
		{83756A80-04BD-4185-84E4-D32EDEC627AF}.Release|Any CPU.Build.0 = Release|Any CPU
		{8D8611C4-EF68-41B1-B507-62F5F7B270C7}.Debug|Any CPU.ActiveCfg = Debug|Any CPU
		{8D8611C4-EF68-41B1-B507-62F5F7B270C7}.Debug|Any CPU.Build.0 = Debug|Any CPU
		{8D8611C4-EF68-41B1-B507-62F5F7B270C7}.Release|Any CPU.ActiveCfg = Release|Any CPU
		{8D8611C4-EF68-41B1-B507-62F5F7B270C7}.Release|Any CPU.Build.0 = Release|Any CPU
		{14A3A559-B4ED-4CE6-8258-7FE8C39A0CD2}.Debug|Any CPU.ActiveCfg = Debug|Any CPU
		{14A3A559-B4ED-4CE6-8258-7FE8C39A0CD2}.Debug|Any CPU.Build.0 = Debug|Any CPU
		{14A3A559-B4ED-4CE6-8258-7FE8C39A0CD2}.Release|Any CPU.ActiveCfg = Release|Any CPU
		{14A3A559-B4ED-4CE6-8258-7FE8C39A0CD2}.Release|Any CPU.Build.0 = Release|Any CPU
		{88C4856C-F88D-4BF9-925E-9F256E46D499}.Debug|Any CPU.ActiveCfg = Debug|Any CPU
		{88C4856C-F88D-4BF9-925E-9F256E46D499}.Debug|Any CPU.Build.0 = Debug|Any CPU
		{88C4856C-F88D-4BF9-925E-9F256E46D499}.Release|Any CPU.ActiveCfg = Release|Any CPU
		{88C4856C-F88D-4BF9-925E-9F256E46D499}.Release|Any CPU.Build.0 = Release|Any CPU
	EndGlobalSection
	GlobalSection(SolutionProperties) = preSolution
		HideSolutionNode = FALSE
	EndGlobalSection
	GlobalSection(NestedProjects) = preSolution
		{3ABD5BA3-6815-4561-A6AF-20D55D36C796} = {EE1D967D-A441-41C6-9346-FD4CA60AAA8F}
		{19A7BD51-6E1E-4700-B7B8-A060EA3B98E6} = {EE1D967D-A441-41C6-9346-FD4CA60AAA8F}
		{AEDD607E-DEF3-440C-9836-788A15E5650E} = {0AE336D9-CCDE-436E-842D-C1EB80C9939A}
		{A79DC01A-75B7-4430-B019-A0E2B3F58DF9} = {95519706-3A43-44ED-A4A8-296071638BE4}
		{EE3E406E-DB9E-45DF-BAB4-ACB86EC105BE} = {95519706-3A43-44ED-A4A8-296071638BE4}
		{964B5191-C5D2-4A3B-8EF7-23A8A857B332} = {95519706-3A43-44ED-A4A8-296071638BE4}
		{83756A80-04BD-4185-84E4-D32EDEC627AF} = {30657F21-2F24-4C6F-B51B-4A83F1136F94}
		{8D8611C4-EF68-41B1-B507-62F5F7B270C7} = {30657F21-2F24-4C6F-B51B-4A83F1136F94}
		{14A3A559-B4ED-4CE6-8258-7FE8C39A0CD2} = {30657F21-2F24-4C6F-B51B-4A83F1136F94}
		{88C4856C-F88D-4BF9-925E-9F256E46D499} = {EE1D967D-A441-41C6-9346-FD4CA60AAA8F}
	EndGlobalSection
	GlobalSection(ExtensibilityGlobals) = postSolution
		SolutionGuid = {44CB8364-8FE7-4035-B248-B115807EBB49}
	EndGlobalSection
EndGlobal
